
Microsoft Visual Studio Solution File, Format Version 12.00
# Visual Studio Version 17
VisualStudioVersion = 17.0.31912.275
MinimumVisualStudioVersion = 10.0.40219.1
Project("{FAE04EC0-301F-11D3-BF4B-00C04F79EFBC}") = "LipsDetection", "LipsDetection\LipsDetection.csproj", "{F8ACFCE4-0B65-4DAC-8185-C1987B159B5C}"
EndProject
Project("{9A19103F-16F7-4668-BE54-9A1E7A4F7556}") = "AzureCognitiveServices", "AzureCognitiveServices\AzureCognitiveServices.csproj", "{5B881089-0B38-42B7-8DA2-6599AEF0504A}"
EndProject
Global
	GlobalSection(SolutionConfigurationPlatforms) = preSolution
		Debug|Any CPU = Debug|Any CPU
		Release|Any CPU = Release|Any CPU
	EndGlobalSection
	GlobalSection(ProjectConfigurationPlatforms) = postSolution
		{F8ACFCE4-0B65-4DAC-8185-C1987B159B5C}.Debug|Any CPU.ActiveCfg = Debug|Any CPU
		{F8ACFCE4-0B65-4DAC-8185-C1987B159B5C}.Debug|Any CPU.Build.0 = Debug|Any CPU
		{F8ACFCE4-0B65-4DAC-8185-C1987B159B5C}.Release|Any CPU.ActiveCfg = Release|Any CPU
		{F8ACFCE4-0B65-4DAC-8185-C1987B159B5C}.Release|Any CPU.Build.0 = Release|Any CPU
		{5B881089-0B38-42B7-8DA2-6599AEF0504A}.Debug|Any CPU.ActiveCfg = Debug|Any CPU
		{5B881089-0B38-42B7-8DA2-6599AEF0504A}.Debug|Any CPU.Build.0 = Debug|Any CPU
		{5B881089-0B38-42B7-8DA2-6599AEF0504A}.Release|Any CPU.ActiveCfg = Release|Any CPU
		{5B881089-0B38-42B7-8DA2-6599AEF0504A}.Release|Any CPU.Build.0 = Release|Any CPU
	EndGlobalSection
	GlobalSection(SolutionProperties) = preSolution
		HideSolutionNode = FALSE
	EndGlobalSection
	GlobalSection(ExtensibilityGlobals) = postSolution
		SolutionGuid = {F2DF852F-C3D3-4B69-90F0-FF0793BFFC0E}
	EndGlobalSection
EndGlobal
